
Microsoft Visual Studio Solution File, Format Version 12.00
# Visual Studio Version 17
VisualStudioVersion = 17.10.35027.167
MinimumVisualStudioVersion = 10.0.40219.1
Project("{FAE04EC0-301F-11D3-BF4B-00C04F79EFBC}") = "okiyoutubeindirici", "okiyoutubeindirici\okiyoutubeindirici.csproj", "{46E0F074-8DA0-4586-A660-F8D97FBD8E83}"
EndProject
Global
	GlobalSection(SolutionConfigurationPlatforms) = preSolution
		Debug|Any CPU = Debug|Any CPU
		Release|Any CPU = Release|Any CPU
	EndGlobalSection
	GlobalSection(ProjectConfigurationPlatforms) = postSolution
		{46E0F074-8DA0-4586-A660-F8D97FBD8E83}.Debug|Any CPU.ActiveCfg = Debug|Any CPU
		{46E0F074-8DA0-4586-A660-F8D97FBD8E83}.Debug|Any CPU.Build.0 = Debug|Any CPU
		{46E0F074-8DA0-4586-A660-F8D97FBD8E83}.Debug|Any CPU.Deploy.0 = Debug|Any CPU
		{46E0F074-8DA0-4586-A660-F8D97FBD8E83}.Release|Any CPU.ActiveCfg = Release|Any CPU
		{46E0F074-8DA0-4586-A660-F8D97FBD8E83}.Release|Any CPU.Build.0 = Release|Any CPU
		{46E0F074-8DA0-4586-A660-F8D97FBD8E83}.Release|Any CPU.Deploy.0 = Release|Any CPU
	EndGlobalSection
	GlobalSection(SolutionProperties) = preSolution
		HideSolutionNode = FALSE
	EndGlobalSection
	GlobalSection(ExtensibilityGlobals) = postSolution
		SolutionGuid = {9FD6A949-0075-406C-9FF8-1870AC86D9A7}
	EndGlobalSection
EndGlobal
